
Microsoft Visual Studio Solution File, Format Version 12.00
# Visual Studio Version 17
VisualStudioVersion = 17.12.35521.163
MinimumVisualStudioVersion = 10.0.40219.1
Project("{FAE04EC0-301F-11D3-BF4B-00C04F79EFBC}") = "SAE", "SAE\SAE.csproj", "{56B71D1B-77FB-4243-BB02-05DF73F82780}"
EndProject
Project("{2150E333-8FDC-42A3-9474-1A3956D46DE8}") = "Éléments de solution", "Éléments de solution", "{DEEEA94B-9CE6-438B-A9C3-F5593E87F36C}"
	ProjectSection(SolutionItems) = preProject
		U:\Documents\BUT\GEII\ModulesS3\SAE-AII-2024\Doc&Exemples\PROJET_test_C#\S7.Net.dll = U:\Documents\BUT\GEII\ModulesS3\SAE-AII-2024\Doc&Exemples\PROJET_test_C#\S7.Net.dll
	EndProjectSection
EndProject
Global
	GlobalSection(SolutionConfigurationPlatforms) = preSolution
		Debug|Any CPU = Debug|Any CPU
		Release|Any CPU = Release|Any CPU
	EndGlobalSection
	GlobalSection(ProjectConfigurationPlatforms) = postSolution
		{56B71D1B-77FB-4243-BB02-05DF73F82780}.Debug|Any CPU.ActiveCfg = Debug|Any CPU
		{56B71D1B-77FB-4243-BB02-05DF73F82780}.Debug|Any CPU.Build.0 = Debug|Any CPU
		{56B71D1B-77FB-4243-BB02-05DF73F82780}.Release|Any CPU.ActiveCfg = Release|Any CPU
		{56B71D1B-77FB-4243-BB02-05DF73F82780}.Release|Any CPU.Build.0 = Release|Any CPU
	EndGlobalSection
	GlobalSection(SolutionProperties) = preSolution
		HideSolutionNode = FALSE
	EndGlobalSection
	GlobalSection(NestedProjects) = preSolution
		{56B71D1B-77FB-4243-BB02-05DF73F82780} = {DEEEA94B-9CE6-438B-A9C3-F5593E87F36C}
	EndGlobalSection
EndGlobal
